
Microsoft Visual Studio Solution File, Format Version 12.00
# Visual Studio 15
VisualStudioVersion = 15.0.26730.12
MinimumVisualStudioVersion = 10.0.40219.1
Project("{2150E333-8FDC-42A3-9474-1A3956D46DE8}") = "Solution Items", "Solution Items", "{232265D9-1455-4721-82CC-49A4B5952D0B}"
	ProjectSection(SolutionItems) = preProject
		Build.proj = Build.proj
		Build.ps1 = Build.ps1
		CustomDictionary.xml = CustomDictionary.xml
		Default.ruleset = Default.ruleset
		License.txt = License.txt
		NLib.Doc.shfbproj = NLib.Doc.shfbproj
		packages.config = packages.config
		Settings.StyleCop = Settings.StyleCop
	EndProjectSection
EndProject
Project("{2150E333-8FDC-42A3-9474-1A3956D46DE8}") = "Tests", "Tests", "{57AD4C78-8FAF-4985-8C89-ABC6D9733A8B}"
EndProject
Project("{9A19103F-16F7-4668-BE54-9A1E7A4F7556}") = "NLib", "src\NLib\NLib.csproj", "{31ED9528-1CD7-4DA7-8A66-4BEA9AEB860D}"
EndProject
Project("{FAE04EC0-301F-11D3-BF4B-00C04F79EFBC}") = "NLib.ComponentModel.DataAnnotations", "src\NLib.ComponentModel.DataAnnotations\NLib.ComponentModel.DataAnnotations.csproj", "{C45770BF-61FB-4B23-8AD2-C415DF7BCE10}"
EndProject
Project("{FAE04EC0-301F-11D3-BF4B-00C04F79EFBC}") = "NLib.ComponentModel.DataAnnotations.Tests", "tests\NLib.ComponentModel.DataAnnotations.Tests\NLib.ComponentModel.DataAnnotations.Tests.csproj", "{401806B6-785B-4F3A-8C8F-353D1568D770}"
EndProject
Project("{9A19103F-16F7-4668-BE54-9A1E7A4F7556}") = "NLib.Tests", "tests\NLib.Tests\NLib.Tests.csproj", "{A21B94A7-4C3C-4BBC-A617-452912C8F38D}"
EndProject
Global
	GlobalSection(SolutionConfigurationPlatforms) = preSolution
		Debug|Any CPU = Debug|Any CPU
		Debug|Mixed Platforms = Debug|Mixed Platforms
		Debug|x86 = Debug|x86
		Release|Any CPU = Release|Any CPU
		Release|Mixed Platforms = Release|Mixed Platforms
		Release|x86 = Release|x86
	EndGlobalSection
	GlobalSection(ProjectConfigurationPlatforms) = postSolution
		{31ED9528-1CD7-4DA7-8A66-4BEA9AEB860D}.Debug|Any CPU.ActiveCfg = Debug|Any CPU
		{31ED9528-1CD7-4DA7-8A66-4BEA9AEB860D}.Debug|Any CPU.Build.0 = Debug|Any CPU
		{31ED9528-1CD7-4DA7-8A66-4BEA9AEB860D}.Debug|Mixed Platforms.ActiveCfg = Debug|Any CPU
		{31ED9528-1CD7-4DA7-8A66-4BEA9AEB860D}.Debug|Mixed Platforms.Build.0 = Debug|Any CPU
		{31ED9528-1CD7-4DA7-8A66-4BEA9AEB860D}.Debug|x86.ActiveCfg = Debug|Any CPU
		{31ED9528-1CD7-4DA7-8A66-4BEA9AEB860D}.Release|Any CPU.ActiveCfg = Release|Any CPU
		{31ED9528-1CD7-4DA7-8A66-4BEA9AEB860D}.Release|Any CPU.Build.0 = Release|Any CPU
		{31ED9528-1CD7-4DA7-8A66-4BEA9AEB860D}.Release|Mixed Platforms.ActiveCfg = Release|Any CPU
		{31ED9528-1CD7-4DA7-8A66-4BEA9AEB860D}.Release|Mixed Platforms.Build.0 = Release|Any CPU
		{31ED9528-1CD7-4DA7-8A66-4BEA9AEB860D}.Release|x86.ActiveCfg = Release|Any CPU
		{C45770BF-61FB-4B23-8AD2-C415DF7BCE10}.Debug|Any CPU.ActiveCfg = Debug|Any CPU
		{C45770BF-61FB-4B23-8AD2-C415DF7BCE10}.Debug|Any CPU.Build.0 = Debug|Any CPU
		{C45770BF-61FB-4B23-8AD2-C415DF7BCE10}.Debug|Mixed Platforms.ActiveCfg = Debug|Any CPU
		{C45770BF-61FB-4B23-8AD2-C415DF7BCE10}.Debug|Mixed Platforms.Build.0 = Debug|Any CPU
		{C45770BF-61FB-4B23-8AD2-C415DF7BCE10}.Debug|x86.ActiveCfg = Debug|Any CPU
		{C45770BF-61FB-4B23-8AD2-C415DF7BCE10}.Release|Any CPU.ActiveCfg = Release|Any CPU
		{C45770BF-61FB-4B23-8AD2-C415DF7BCE10}.Release|Any CPU.Build.0 = Release|Any CPU
		{C45770BF-61FB-4B23-8AD2-C415DF7BCE10}.Release|Mixed Platforms.ActiveCfg = Release|Any CPU
		{C45770BF-61FB-4B23-8AD2-C415DF7BCE10}.Release|Mixed Platforms.Build.0 = Release|Any CPU
		{C45770BF-61FB-4B23-8AD2-C415DF7BCE10}.Release|x86.ActiveCfg = Release|Any CPU
		{401806B6-785B-4F3A-8C8F-353D1568D770}.Debug|Any CPU.ActiveCfg = Debug|Any CPU
		{401806B6-785B-4F3A-8C8F-353D1568D770}.Debug|Any CPU.Build.0 = Debug|Any CPU
		{401806B6-785B-4F3A-8C8F-353D1568D770}.Debug|Mixed Platforms.ActiveCfg = Debug|Any CPU
		{401806B6-785B-4F3A-8C8F-353D1568D770}.Debug|Mixed Platforms.Build.0 = Debug|Any CPU
		{401806B6-785B-4F3A-8C8F-353D1568D770}.Debug|x86.ActiveCfg = Debug|Any CPU
		{401806B6-785B-4F3A-8C8F-353D1568D770}.Release|Any CPU.ActiveCfg = Release|Any CPU
		{401806B6-785B-4F3A-8C8F-353D1568D770}.Release|Any CPU.Build.0 = Release|Any CPU
		{401806B6-785B-4F3A-8C8F-353D1568D770}.Release|Mixed Platforms.ActiveCfg = Release|Any CPU
		{401806B6-785B-4F3A-8C8F-353D1568D770}.Release|Mixed Platforms.Build.0 = Release|Any CPU
		{401806B6-785B-4F3A-8C8F-353D1568D770}.Release|x86.ActiveCfg = Release|Any CPU
		{A21B94A7-4C3C-4BBC-A617-452912C8F38D}.Debug|Any CPU.ActiveCfg = Debug|Any CPU
		{A21B94A7-4C3C-4BBC-A617-452912C8F38D}.Debug|Any CPU.Build.0 = Debug|Any CPU
		{A21B94A7-4C3C-4BBC-A617-452912C8F38D}.Debug|Mixed Platforms.ActiveCfg = Debug|Any CPU
		{A21B94A7-4C3C-4BBC-A617-452912C8F38D}.Debug|Mixed Platforms.Build.0 = Debug|Any CPU
		{A21B94A7-4C3C-4BBC-A617-452912C8F38D}.Debug|x86.ActiveCfg = Debug|Any CPU
		{A21B94A7-4C3C-4BBC-A617-452912C8F38D}.Release|Any CPU.ActiveCfg = Release|Any CPU
		{A21B94A7-4C3C-4BBC-A617-452912C8F38D}.Release|Any CPU.Build.0 = Release|Any CPU
		{A21B94A7-4C3C-4BBC-A617-452912C8F38D}.Release|Mixed Platforms.ActiveCfg = Release|Any CPU
		{A21B94A7-4C3C-4BBC-A617-452912C8F38D}.Release|Mixed Platforms.Build.0 = Release|Any CPU
		{A21B94A7-4C3C-4BBC-A617-452912C8F38D}.Release|x86.ActiveCfg = Release|Any CPU
	EndGlobalSection
	GlobalSection(SolutionProperties) = preSolution
		HideSolutionNode = FALSE
	EndGlobalSection
	GlobalSection(NestedProjects) = preSolution
		{401806B6-785B-4F3A-8C8F-353D1568D770} = {57AD4C78-8FAF-4985-8C89-ABC6D9733A8B}
		{A21B94A7-4C3C-4BBC-A617-452912C8F38D} = {57AD4C78-8FAF-4985-8C89-ABC6D9733A8B}
	EndGlobalSection
	GlobalSection(ExtensibilityGlobals) = postSolution
		SolutionGuid = {5293A053-59A1-44B5-97EE-7B5AEFC63D6B}
		EnterpriseLibraryConfigurationToolBinariesPath = packages\Unity.2.1.505.2\lib\NET35;packages\Unity.Interception.2.1.505.2\lib\NET35
	EndGlobalSection
EndGlobal
